{
    "requires": true,
    "lockfileVersion": 1,
    "dependencies": {
        "angular": {
            "version": "1.7.5",
            "resolved": "https://registry.npmjs.org/angular/-/angular-1.7.5.tgz",
            "integrity": "sha512-760183yxtGzni740IBTieNuWLtPNAoMqvmC0Z62UoU0I3nqk+VJuO3JbQAXOyvo3Oy/ZsdNQwrSTh/B0OQZjNw=="
        },
        "jquery": {
            "version": "3.3.1",
            "resolved": "https://registry.npmjs.org/jquery/-/jquery-3.3.1.tgz",
            "integrity": "sha512-Ubldcmxp5np52/ENotGxlLe6aGMvmF4R8S6tZjsP6Knsaxd/xp3Zrh50cG93lR6nPXyUFwzN3ZSOQI0wRJNdGg==",
            "dev": true
        },
        "ui-router": {
            "version": "1.0.0-alpha.3",
            "resolved": "https://registry.npmjs.org/ui-router/-/ui-router-1.0.0-alpha.3.tgz",
            "integrity": "sha1-sphycgIosJr1UlnpQY9eFLwH2WI="
        }
    }
}
